
Microsoft Visual Studio Solution File, Format Version 12.00
# Visual Studio 15
VisualStudioVersion = 15.0.28010.2003
MinimumVisualStudioVersion = 10.0.40219.1
Project("{FAE04EC0-301F-11D3-BF4B-00C04F79EFBC}") = "HexConversion", "HexConversion\HexConversion.csproj", "{41A38C28-EADC-4A7A-AC05-67A795098A3D}"
EndProject
Global
	GlobalSection(SolutionConfigurationPlatforms) = preSolution
		Debug|Any CPU = Debug|Any CPU
		Release|Any CPU = Release|Any CPU
	EndGlobalSection
	GlobalSection(ProjectConfigurationPlatforms) = postSolution
		{41A38C28-EADC-4A7A-AC05-67A795098A3D}.Debug|Any CPU.ActiveCfg = Debug|Any CPU
		{41A38C28-EADC-4A7A-AC05-67A795098A3D}.Debug|Any CPU.Build.0 = Debug|Any CPU
		{41A38C28-EADC-4A7A-AC05-67A795098A3D}.Release|Any CPU.ActiveCfg = Release|Any CPU
		{41A38C28-EADC-4A7A-AC05-67A795098A3D}.Release|Any CPU.Build.0 = Release|Any CPU
	EndGlobalSection
	GlobalSection(SolutionProperties) = preSolution
		HideSolutionNode = FALSE
	EndGlobalSection
	GlobalSection(ExtensibilityGlobals) = postSolution
		SolutionGuid = {4BAD6987-8C57-4F77-8D21-C8ED06F2D48F}
	EndGlobalSection
EndGlobal
